// !$*UTF8*$!
{
	archiveVersion = 1;
	classes = {
	};
	objectVersion = 55;
	objects = {

/* Begin PBXBuildFile section */
		5970B760289A493000AAC039 /* CompanyProfile.swift in Sources */ = {isa = PBXBuildFile; fileRef = 5970B759289A493000AAC039 /* CompanyProfile.swift */; };
		5970B761289A493000AAC039 /* MarketDataResponse.swift in Sources */ = {isa = PBXBuildFile; fileRef = 5970B75A289A493000AAC039 /* MarketDataResponse.swift */; };
		5970B762289A493000AAC039 /* FinancialMetrics.swift in Sources */ = {isa = PBXBuildFile; fileRef = 5970B75B289A493000AAC039 /* FinancialMetrics.swift */; };
		5970B763289A493000AAC039 /* Stock.swift in Sources */ = {isa = PBXBuildFile; fileRef = 5970B75C289A493000AAC039 /* Stock.swift */; };
		5970B764289A493000AAC039 /* SearchResponse.swift in Sources */ = {isa = PBXBuildFile; fileRef = 5970B75D289A493000AAC039 /* SearchResponse.swift */; };
		5970B765289A493000AAC039 /* News.swift in Sources */ = {isa = PBXBuildFile; fileRef = 5970B75E289A493000AAC039 /* News.swift */; };
		5970B766289A493000AAC039 /* StockSymbols.swift in Sources */ = {isa = PBXBuildFile; fileRef = 5970B75F289A493000AAC039 /* StockSymbols.swift */; };
		59741B37289B956B003DFF8C /* SearchManager.swift in Sources */ = {isa = PBXBuildFile; fileRef = 59741B36289B956B003DFF8C /* SearchManager.swift */; };
		59741B3A289BA84E003DFF8C /* SearchRouter.swift in Sources */ = {isa = PBXBuildFile; fileRef = 59741B39289BA84E003DFF8C /* SearchRouter.swift */; };
		59834E45289CE06200690D1B /* ChartViewAssembly.swift in Sources */ = {isa = PBXBuildFile; fileRef = 59834E1C289CE06200690D1B /* ChartViewAssembly.swift */; };
		59834E46289CE06200690D1B /* ChartViewPresenter.swift in Sources */ = {isa = PBXBuildFile; fileRef = 59834E1E289CE06200690D1B /* ChartViewPresenter.swift */; };
		59834E47289CE06200690D1B /* TimeIntervalCollectionViewDataManager.swift in Sources */ = {isa = PBXBuildFile; fileRef = 59834E20289CE06200690D1B /* TimeIntervalCollectionViewDataManager.swift */; };
		59834E48289CE06200690D1B /* ChartViewController.swift in Sources */ = {isa = PBXBuildFile; fileRef = 59834E21289CE06200690D1B /* ChartViewController.swift */; };
		59834E49289CE06200690D1B /* ChartViewInteractor.swift in Sources */ = {isa = PBXBuildFile; fileRef = 59834E23289CE06200690D1B /* ChartViewInteractor.swift */; };
		59834E4A289CE06200690D1B /* MetricCollectionViewEntity.swift in Sources */ = {isa = PBXBuildFile; fileRef = 59834E26289CE06200690D1B /* MetricCollectionViewEntity.swift */; };
		59834E4B289CE06200690D1B /* FinancialDataAssembly.swift in Sources */ = {isa = PBXBuildFile; fileRef = 59834E28289CE06200690D1B /* FinancialDataAssembly.swift */; };
		59834E4C289CE06200690D1B /* FinancialDataPresenter.swift in Sources */ = {isa = PBXBuildFile; fileRef = 59834E2A289CE06200690D1B /* FinancialDataPresenter.swift */; };
		59834E4D289CE06200690D1B /* FinancialCollectionViewController.swift in Sources */ = {isa = PBXBuildFile; fileRef = 59834E2C289CE06200690D1B /* FinancialCollectionViewController.swift */; };
		59834E4E289CE06200690D1B /* FinancialMetricDataManager.swift in Sources */ = {isa = PBXBuildFile; fileRef = 59834E2D289CE06200690D1B /* FinancialMetricDataManager.swift */; };
		59834E4F289CE06200690D1B /* FinancialDataInteractor.swift in Sources */ = {isa = PBXBuildFile; fileRef = 59834E2F289CE06200690D1B /* FinancialDataInteractor.swift */; };
		59834E50289CE06200690D1B /* TickerViewEntity.swift in Sources */ = {isa = PBXBuildFile; fileRef = 59834E32289CE06200690D1B /* TickerViewEntity.swift */; };
		59834E51289CE06200690D1B /* TickerViewController.swift in Sources */ = {isa = PBXBuildFile; fileRef = 59834E34289CE06200690D1B /* TickerViewController.swift */; };
		59834E52289CE06200690D1B /* TickerView.swift in Sources */ = {isa = PBXBuildFile; fileRef = 59834E35289CE06200690D1B /* TickerView.swift */; };
		59834E53289CE06200690D1B /* StockDetailsAssembly.swift in Sources */ = {isa = PBXBuildFile; fileRef = 59834E37289CE06200690D1B /* StockDetailsAssembly.swift */; };
		59834E54289CE06200690D1B /* ShortInfoEntity.swift in Sources */ = {isa = PBXBuildFile; fileRef = 59834E3A289CE06200690D1B /* ShortInfoEntity.swift */; };
		59834E55289CE06200690D1B /* ShortInfoAssembly.swift in Sources */ = {isa = PBXBuildFile; fileRef = 59834E3C289CE06200690D1B /* ShortInfoAssembly.swift */; };
		59834E56289CE06200690D1B /* ShortViewPresenter.swift in Sources */ = {isa = PBXBuildFile; fileRef = 59834E3E289CE06200690D1B /* ShortViewPresenter.swift */; };
		59834E57289CE06200690D1B /* ShortInfoViewController.swift in Sources */ = {isa = PBXBuildFile; fileRef = 59834E40289CE06200690D1B /* ShortInfoViewController.swift */; };
		59834E58289CE06200690D1B /* ShortInfoInteractor.swift in Sources */ = {isa = PBXBuildFile; fileRef = 59834E42289CE06200690D1B /* ShortInfoInteractor.swift */; };
		59834E59289CE06200690D1B /* StockDetailsViewController.swift in Sources */ = {isa = PBXBuildFile; fileRef = 59834E44289CE06200690D1B /* StockDetailsViewController.swift */; };
		59834E74289CE06F00690D1B /* NewsViewAssembly.swift in Sources */ = {isa = PBXBuildFile; fileRef = 59834E5D289CE06F00690D1B /* NewsViewAssembly.swift */; };
		59834E75289CE06F00690D1B /* NewsViewPresenter.swift in Sources */ = {isa = PBXBuildFile; fileRef = 59834E5F289CE06F00690D1B /* NewsViewPresenter.swift */; };
		59834E76289CE06F00690D1B /* NewsTableDataManager.swift in Sources */ = {isa = PBXBuildFile; fileRef = 59834E61289CE06F00690D1B /* NewsTableDataManager.swift */; };
		59834E77289CE06F00690D1B /* NewsViewController.swift in Sources */ = {isa = PBXBuildFile; fileRef = 59834E62289CE06F00690D1B /* NewsViewController.swift */; };
		59834E78289CE06F00690D1B /* NewsViewInteractor.swift in Sources */ = {isa = PBXBuildFile; fileRef = 59834E64289CE06F00690D1B /* NewsViewInteractor.swift */; };
		59834E79289CE06F00690D1B /* NewsViewRouter.swift in Sources */ = {isa = PBXBuildFile; fileRef = 59834E66289CE06F00690D1B /* NewsViewRouter.swift */; };
		59834E7A289CE06F00690D1B /* TableViewModel.swift in Sources */ = {isa = PBXBuildFile; fileRef = 59834E68289CE06F00690D1B /* TableViewModel.swift */; };
		59834E7B289CE06F00690D1B /* StockListModuleAssembly.swift in Sources */ = {isa = PBXBuildFile; fileRef = 59834E6A289CE06F00690D1B /* StockListModuleAssembly.swift */; };
		59834E7C289CE06F00690D1B /* StockListPresenter.swift in Sources */ = {isa = PBXBuildFile; fileRef = 59834E6C289CE06F00690D1B /* StockListPresenter.swift */; };
		59834E7D289CE06F00690D1B /* StockListInteractor.swift in Sources */ = {isa = PBXBuildFile; fileRef = 59834E6D289CE06F00690D1B /* StockListInteractor.swift */; };
		59834E7E289CE06F00690D1B /* StocksTableVC.swift in Sources */ = {isa = PBXBuildFile; fileRef = 59834E6F289CE06F00690D1B /* StocksTableVC.swift */; };
		59834E7F289CE06F00690D1B /* TableViewDataManager.swift in Sources */ = {isa = PBXBuildFile; fileRef = 59834E70289CE06F00690D1B /* TableViewDataManager.swift */; };
		59834E80289CE06F00690D1B /* StockViewController.swift in Sources */ = {isa = PBXBuildFile; fileRef = 59834E71289CE06F00690D1B /* StockViewController.swift */; };
		59834E81289CE06F00690D1B /* StockListRouter.swift in Sources */ = {isa = PBXBuildFile; fileRef = 59834E73289CE06F00690D1B /* StockListRouter.swift */; };
		59834E85289CE16E00690D1B /* SwiftTickerView in Frameworks */ = {isa = PBXBuildFile; productRef = 59834E84289CE16E00690D1B /* SwiftTickerView */; };
		59834E90289CE26200690D1B /* IntervalCVCell.swift in Sources */ = {isa = PBXBuildFile; fileRef = 59834E88289CE26200690D1B /* IntervalCVCell.swift */; };
		59834E91289CE26200690D1B /* MetricCollectionViewCell.swift in Sources */ = {isa = PBXBuildFile; fileRef = 59834E89289CE26200690D1B /* MetricCollectionViewCell.swift */; };
		59834E92289CE26200690D1B /* StockTableViewCell.swift in Sources */ = {isa = PBXBuildFile; fileRef = 59834E8A289CE26200690D1B /* StockTableViewCell.swift */; };
		59834E93289CE26200690D1B /* TimePeriodCollectionViewCell.swift in Sources */ = {isa = PBXBuildFile; fileRef = 59834E8B289CE26200690D1B /* TimePeriodCollectionViewCell.swift */; };
		59834E94289CE26200690D1B /* NewsTableViewCell.swift in Sources */ = {isa = PBXBuildFile; fileRef = 59834E8C289CE26200690D1B /* NewsTableViewCell.swift */; };
		59834E95289CE26200690D1B /* NewsTableHeaderView.swift in Sources */ = {isa = PBXBuildFile; fileRef = 59834E8D289CE26200690D1B /* NewsTableHeaderView.swift */; };
		59834E96289CE26200690D1B /* StockChartView.swift in Sources */ = {isa = PBXBuildFile; fileRef = 59834E8E289CE26200690D1B /* StockChartView.swift */; };
		59834E97289CE26200690D1B /* CustomMarkerView.swift in Sources */ = {isa = PBXBuildFile; fileRef = 59834E8F289CE26200690D1B /* CustomMarkerView.swift */; };
		59834EA7289CE2AC00690D1B /* EndPoints.swift in Sources */ = {isa = PBXBuildFile; fileRef = 59834E99289CE2AC00690D1B /* EndPoints.swift */; };
		59834EA8289CE2AC00690D1B /* APIError.swift in Sources */ = {isa = PBXBuildFile; fileRef = 59834E9A289CE2AC00690D1B /* APIError.swift */; };
		59834EA9289CE2AC00690D1B /* SymbolsRequest.swift in Sources */ = {isa = PBXBuildFile; fileRef = 59834E9C289CE2AC00690D1B /* SymbolsRequest.swift */; };
		59834EAA289CE2AC00690D1B /* MarketDataRequest.swift in Sources */ = {isa = PBXBuildFile; fileRef = 59834E9D289CE2AC00690D1B /* MarketDataRequest.swift */; };
		59834EAB289CE2AC00690D1B /* NewsRequest.swift in Sources */ = {isa = PBXBuildFile; fileRef = 59834E9E289CE2AC00690D1B /* NewsRequest.swift */; };
		59834EAC289CE2AC00690D1B /* CompanyProfileRequest.swift in Sources */ = {isa = PBXBuildFile; fileRef = 59834E9F289CE2AC00690D1B /* CompanyProfileRequest.swift */; };
		59834EAD289CE2AC00690D1B /* FinancialMetricsRequest.swift in Sources */ = {isa = PBXBuildFile; fileRef = 59834EA0289CE2AC00690D1B /* FinancialMetricsRequest.swift */; };
		59834EAE289CE2AC00690D1B /* Search.swift in Sources */ = {isa = PBXBuildFile; fileRef = 59834EA1289CE2AC00690D1B /* Search.swift */; };
		59834EAF289CE2AC00690D1B /* APIConstants.swift in Sources */ = {isa = PBXBuildFile; fileRef = 59834EA2289CE2AC00690D1B /* APIConstants.swift */; };
		59834EB0289CE2AC00690D1B /* APIManager.swift in Sources */ = {isa = PBXBuildFile; fileRef = 59834EA3289CE2AC00690D1B /* APIManager.swift */; };
		59834EB1289CE2AC00690D1B /* RequestProtocol.swift in Sources */ = {isa = PBXBuildFile; fileRef = 59834EA4289CE2AC00690D1B /* RequestProtocol.swift */; };
		59834EB2289CE2AC00690D1B /* DataParserProtocol.swift in Sources */ = {isa = PBXBuildFile; fileRef = 59834EA5289CE2AC00690D1B /* DataParserProtocol.swift */; };
		59834EB3289CE2AC00690D1B /* RequestType.swift in Sources */ = {isa = PBXBuildFile; fileRef = 59834EA6289CE2AC00690D1B /* RequestType.swift */; };
		59834EB8289CE2C600690D1B /* CustomAxis.swift in Sources */ = {isa = PBXBuildFile; fileRef = 59834EB5289CE2C600690D1B /* CustomAxis.swift */; };
		59834EB9289CE2C600690D1B /* Extensions.swift in Sources */ = {isa = PBXBuildFile; fileRef = 59834EB6289CE2C600690D1B /* Extensions.swift */; };
		59834EBA289CE2C600690D1B /* CalculateStockDynamic.swift in Sources */ = {isa = PBXBuildFile; fileRef = 59834EB7289CE2C600690D1B /* CalculateStockDynamic.swift */; };
		598F5C37289BD73A00CFA870 /* Stock-App.xcdatamodeld in Sources */ = {isa = PBXBuildFile; fileRef = 598F5C35289BD73A00CFA870 /* Stock-App.xcdatamodeld */; };
		598F5C42289BE0F900CFA870 /* LastSearchInteractor.swift in Sources */ = {isa = PBXBuildFile; fileRef = 598F5C41289BE0F900CFA870 /* LastSearchInteractor.swift */; };
		598F5C44289BE90500CFA870 /* LastSearchPresenter.swift in Sources */ = {isa = PBXBuildFile; fileRef = 598F5C43289BE90500CFA870 /* LastSearchPresenter.swift */; };
		598F5C46289BF0B400CFA870 /* LastSearchAssembler.swift in Sources */ = {isa = PBXBuildFile; fileRef = 598F5C45289BF0B400CFA870 /* LastSearchAssembler.swift */; };
		5996A5B72897BAEB004A15BB /* AppDelegate.swift in Sources */ = {isa = PBXBuildFile; fileRef = 5996A5B62897BAEB004A15BB /* AppDelegate.swift */; };
		5996A5B92897BAEB004A15BB /* SceneDelegate.swift in Sources */ = {isa = PBXBuildFile; fileRef = 5996A5B82897BAEB004A15BB /* SceneDelegate.swift */; };
		5996A5BB2897BAEB004A15BB /* ViewController.swift in Sources */ = {isa = PBXBuildFile; fileRef = 5996A5BA2897BAEB004A15BB /* ViewController.swift */; };
		5996A5C02897BAEC004A15BB /* Assets.xcassets in Resources */ = {isa = PBXBuildFile; fileRef = 5996A5BF2897BAEC004A15BB /* Assets.xcassets */; };
		5996A5C32897BAEC004A15BB /* LaunchScreen.storyboard in Resources */ = {isa = PBXBuildFile; fileRef = 5996A5C12897BAEC004A15BB /* LaunchScreen.storyboard */; };
		5996A63B2897DBA7004A15BB /* SearchViewController.swift in Sources */ = {isa = PBXBuildFile; fileRef = 5996A6262897DBA7004A15BB /* SearchViewController.swift */; };
		5996A63C2897DBA7004A15BB /* StockInfoVC.swift in Sources */ = {isa = PBXBuildFile; fileRef = 5996A6272897DBA7004A15BB /* StockInfoVC.swift */; };
		5996A63D2897DBA7004A15BB /* FavoritesVC.swift in Sources */ = {isa = PBXBuildFile; fileRef = 5996A6282897DBA7004A15BB /* FavoritesVC.swift */; };
		5996A64C2897DC20004A15BB /* Charts in Frameworks */ = {isa = PBXBuildFile; productRef = 5996A64B2897DC20004A15BB /* Charts */; };
		5996A64F2897DC6C004A15BB /* FloatingPanel in Frameworks */ = {isa = PBXBuildFile; productRef = 5996A64E2897DC6C004A15BB /* FloatingPanel */; };
		5996A6522897DC81004A15BB /* SDWebImage in Frameworks */ = {isa = PBXBuildFile; productRef = 5996A6512897DC81004A15BB /* SDWebImage */; };
		5996A6562897DE78004A15BB /* SearchInteractor.swift in Sources */ = {isa = PBXBuildFile; fileRef = 5996A6552897DE78004A15BB /* SearchInteractor.swift */; };
		5996A65B2897DFBB004A15BB /* LastSearchedViewController.swift in Sources */ = {isa = PBXBuildFile; fileRef = 5996A65A2897DFBB004A15BB /* LastSearchedViewController.swift */; };
		5996A65D2897DFE8004A15BB /* SearchedCVCell.swift in Sources */ = {isa = PBXBuildFile; fileRef = 5996A65C2897DFE8004A15BB /* SearchedCVCell.swift */; };
		5996A6602897E01D004A15BB /* SearchPresenter.swift in Sources */ = {isa = PBXBuildFile; fileRef = 5996A65F2897E01D004A15BB /* SearchPresenter.swift */; };
		5996A6632897E093004A15BB /* SearchModuleAssemble.swift in Sources */ = {isa = PBXBuildFile; fileRef = 5996A6622897E093004A15BB /* SearchModuleAssemble.swift */; };
/* End PBXBuildFile section */

/* Begin PBXFileReference section */
		5970B759289A493000AAC039 /* CompanyProfile.swift */ = {isa = PBXFileReference; fileEncoding = 4; lastKnownFileType = sourcecode.swift; path = CompanyProfile.swift; sourceTree = "<group>"; };
		5970B75A289A493000AAC039 /* MarketDataResponse.swift */ = {isa = PBXFileReference; fileEncoding = 4; lastKnownFileType = sourcecode.swift; path = MarketDataResponse.swift; sourceTree = "<group>"; };
		5970B75B289A493000AAC039 /* FinancialMetrics.swift */ = {isa = PBXFileReference; fileEncoding = 4; lastKnownFileType = sourcecode.swift; path = FinancialMetrics.swift; sourceTree = "<group>"; };
		5970B75C289A493000AAC039 /* Stock.swift */ = {isa = PBXFileReference; fileEncoding = 4; lastKnownFileType = sourcecode.swift; path = Stock.swift; sourceTree = "<group>"; };
		5970B75D289A493000AAC039 /* SearchResponse.swift */ = {isa = PBXFileReference; fileEncoding = 4; lastKnownFileType = sourcecode.swift; path = SearchResponse.swift; sourceTree = "<group>"; };
		5970B75E289A493000AAC039 /* News.swift */ = {isa = PBXFileReference; fileEncoding = 4; lastKnownFileType = sourcecode.swift; path = News.swift; sourceTree = "<group>"; };
		5970B75F289A493000AAC039 /* StockSymbols.swift */ = {isa = PBXFileReference; fileEncoding = 4; lastKnownFileType = sourcecode.swift; path = StockSymbols.swift; sourceTree = "<group>"; };
		59741B36289B956B003DFF8C /* SearchManager.swift */ = {isa = PBXFileReference; lastKnownFileType = sourcecode.swift; path = SearchManager.swift; sourceTree = "<group>"; };
		59741B39289BA84E003DFF8C /* SearchRouter.swift */ = {isa = PBXFileReference; lastKnownFileType = sourcecode.swift; path = SearchRouter.swift; sourceTree = "<group>"; };
		59834E1C289CE06200690D1B /* ChartViewAssembly.swift */ = {isa = PBXFileReference; fileEncoding = 4; lastKnownFileType = sourcecode.swift; path = ChartViewAssembly.swift; sourceTree = "<group>"; };
		59834E1E289CE06200690D1B /* ChartViewPresenter.swift */ = {isa = PBXFileReference; fileEncoding = 4; lastKnownFileType = sourcecode.swift; path = ChartViewPresenter.swift; sourceTree = "<group>"; };
		59834E20289CE06200690D1B /* TimeIntervalCollectionViewDataManager.swift */ = {isa = PBXFileReference; fileEncoding = 4; lastKnownFileType = sourcecode.swift; path = TimeIntervalCollectionViewDataManager.swift; sourceTree = "<group>"; };
		59834E21289CE06200690D1B /* ChartViewController.swift */ = {isa = PBXFileReference; fileEncoding = 4; lastKnownFileType = sourcecode.swift; path = ChartViewController.swift; sourceTree = "<group>"; };
		59834E23289CE06200690D1B /* ChartViewInteractor.swift */ = {isa = PBXFileReference; fileEncoding = 4; lastKnownFileType = sourcecode.swift; path = ChartViewInteractor.swift; sourceTree = "<group>"; };
		59834E26289CE06200690D1B /* MetricCollectionViewEntity.swift */ = {isa = PBXFileReference; fileEncoding = 4; lastKnownFileType = sourcecode.swift; path = MetricCollectionViewEntity.swift; sourceTree = "<group>"; };
		59834E28289CE06200690D1B /* FinancialDataAssembly.swift */ = {isa = PBXFileReference; fileEncoding = 4; lastKnownFileType = sourcecode.swift; path = FinancialDataAssembly.swift; sourceTree = "<group>"; };
		59834E2A289CE06200690D1B /* FinancialDataPresenter.swift */ = {isa = PBXFileReference; fileEncoding = 4; lastKnownFileType = sourcecode.swift; path = FinancialDataPresenter.swift; sourceTree = "<group>"; };
		59834E2C289CE06200690D1B /* FinancialCollectionViewController.swift */ = {isa = PBXFileReference; fileEncoding = 4; lastKnownFileType = sourcecode.swift; path = FinancialCollectionViewController.swift; sourceTree = "<group>"; };
		59834E2D289CE06200690D1B /* FinancialMetricDataManager.swift */ = {isa = PBXFileReference; fileEncoding = 4; lastKnownFileType = sourcecode.swift; path = FinancialMetricDataManager.swift; sourceTree = "<group>"; };
		59834E2F289CE06200690D1B /* FinancialDataInteractor.swift */ = {isa = PBXFileReference; fileEncoding = 4; lastKnownFileType = sourcecode.swift; path = FinancialDataInteractor.swift; sourceTree = "<group>"; };
		59834E32289CE06200690D1B /* TickerViewEntity.swift */ = {isa = PBXFileReference; fileEncoding = 4; lastKnownFileType = sourcecode.swift; path = TickerViewEntity.swift; sourceTree = "<group>"; };
		59834E34289CE06200690D1B /* TickerViewController.swift */ = {isa = PBXFileReference; fileEncoding = 4; lastKnownFileType = sourcecode.swift; path = TickerViewController.swift; sourceTree = "<group>"; };
		59834E35289CE06200690D1B /* TickerView.swift */ = {isa = PBXFileReference; fileEncoding = 4; lastKnownFileType = sourcecode.swift; path = TickerView.swift; sourceTree = "<group>"; };
		59834E37289CE06200690D1B /* StockDetailsAssembly.swift */ = {isa = PBXFileReference; fileEncoding = 4; lastKnownFileType = sourcecode.swift; path = StockDetailsAssembly.swift; sourceTree = "<group>"; };
		59834E3A289CE06200690D1B /* ShortInfoEntity.swift */ = {isa = PBXFileReference; fileEncoding = 4; lastKnownFileType = sourcecode.swift; path = ShortInfoEntity.swift; sourceTree = "<group>"; };
		59834E3C289CE06200690D1B /* ShortInfoAssembly.swift */ = {isa = PBXFileReference; fileEncoding = 4; lastKnownFileType = sourcecode.swift; path = ShortInfoAssembly.swift; sourceTree = "<group>"; };
		59834E3E289CE06200690D1B /* ShortViewPresenter.swift */ = {isa = PBXFileReference; fileEncoding = 4; lastKnownFileType = sourcecode.swift; path = ShortViewPresenter.swift; sourceTree = "<group>"; };
		59834E40289CE06200690D1B /* ShortInfoViewController.swift */ = {isa = PBXFileReference; fileEncoding = 4; lastKnownFileType = sourcecode.swift; path = ShortInfoViewController.swift; sourceTree = "<group>"; };
		59834E42289CE06200690D1B /* ShortInfoInteractor.swift */ = {isa = PBXFileReference; fileEncoding = 4; lastKnownFileType = sourcecode.swift; path = ShortInfoInteractor.swift; sourceTree = "<group>"; };
		59834E44289CE06200690D1B /* StockDetailsViewController.swift */ = {isa = PBXFileReference; fileEncoding = 4; lastKnownFileType = sourcecode.swift; path = StockDetailsViewController.swift; sourceTree = "<group>"; };
		59834E5D289CE06F00690D1B /* NewsViewAssembly.swift */ = {isa = PBXFileReference; fileEncoding = 4; lastKnownFileType = sourcecode.swift; path = NewsViewAssembly.swift; sourceTree = "<group>"; };
		59834E5F289CE06F00690D1B /* NewsViewPresenter.swift */ = {isa = PBXFileReference; fileEncoding = 4; lastKnownFileType = sourcecode.swift; path = NewsViewPresenter.swift; sourceTree = "<group>"; };
		59834E61289CE06F00690D1B /* NewsTableDataManager.swift */ = {isa = PBXFileReference; fileEncoding = 4; lastKnownFileType = sourcecode.swift; path = NewsTableDataManager.swift; sourceTree = "<group>"; };
		59834E62289CE06F00690D1B /* NewsViewController.swift */ = {isa = PBXFileReference; fileEncoding = 4; lastKnownFileType = sourcecode.swift; path = NewsViewController.swift; sourceTree = "<group>"; };
		59834E64289CE06F00690D1B /* NewsViewInteractor.swift */ = {isa = PBXFileReference; fileEncoding = 4; lastKnownFileType = sourcecode.swift; path = NewsViewInteractor.swift; sourceTree = "<group>"; };
		59834E66289CE06F00690D1B /* NewsViewRouter.swift */ = {isa = PBXFileReference; fileEncoding = 4; lastKnownFileType = sourcecode.swift; path = NewsViewRouter.swift; sourceTree = "<group>"; };
		59834E68289CE06F00690D1B /* TableViewModel.swift */ = {isa = PBXFileReference; fileEncoding = 4; lastKnownFileType = sourcecode.swift; path = TableViewModel.swift; sourceTree = "<group>"; };
		59834E6A289CE06F00690D1B /* StockListModuleAssembly.swift */ = {isa = PBXFileReference; fileEncoding = 4; lastKnownFileType = sourcecode.swift; path = StockListModuleAssembly.swift; sourceTree = "<group>"; };
		59834E6C289CE06F00690D1B /* StockListPresenter.swift */ = {isa = PBXFileReference; fileEncoding = 4; lastKnownFileType = sourcecode.swift; path = StockListPresenter.swift; sourceTree = "<group>"; };
		59834E6D289CE06F00690D1B /* StockListInteractor.swift */ = {isa = PBXFileReference; fileEncoding = 4; lastKnownFileType = sourcecode.swift; path = StockListInteractor.swift; sourceTree = "<group>"; };
		59834E6F289CE06F00690D1B /* StocksTableVC.swift */ = {isa = PBXFileReference; fileEncoding = 4; lastKnownFileType = sourcecode.swift; path = StocksTableVC.swift; sourceTree = "<group>"; };
		59834E70289CE06F00690D1B /* TableViewDataManager.swift */ = {isa = PBXFileReference; fileEncoding = 4; lastKnownFileType = sourcecode.swift; path = TableViewDataManager.swift; sourceTree = "<group>"; };
		59834E71289CE06F00690D1B /* StockViewController.swift */ = {isa = PBXFileReference; fileEncoding = 4; lastKnownFileType = sourcecode.swift; path = StockViewController.swift; sourceTree = "<group>"; };
		59834E73289CE06F00690D1B /* StockListRouter.swift */ = {isa = PBXFileReference; fileEncoding = 4; lastKnownFileType = sourcecode.swift; path = StockListRouter.swift; sourceTree = "<group>"; };
		59834E88289CE26200690D1B /* IntervalCVCell.swift */ = {isa = PBXFileReference; fileEncoding = 4; lastKnownFileType = sourcecode.swift; path = IntervalCVCell.swift; sourceTree = "<group>"; };
		59834E89289CE26200690D1B /* MetricCollectionViewCell.swift */ = {isa = PBXFileReference; fileEncoding = 4; lastKnownFileType = sourcecode.swift; path = MetricCollectionViewCell.swift; sourceTree = "<group>"; };
		59834E8A289CE26200690D1B /* StockTableViewCell.swift */ = {isa = PBXFileReference; fileEncoding = 4; lastKnownFileType = sourcecode.swift; path = StockTableViewCell.swift; sourceTree = "<group>"; };
		59834E8B289CE26200690D1B /* TimePeriodCollectionViewCell.swift */ = {isa = PBXFileReference; fileEncoding = 4; lastKnownFileType = sourcecode.swift; path = TimePeriodCollectionViewCell.swift; sourceTree = "<group>"; };
		59834E8C289CE26200690D1B /* NewsTableViewCell.swift */ = {isa = PBXFileReference; fileEncoding = 4; lastKnownFileType = sourcecode.swift; path = NewsTableViewCell.swift; sourceTree = "<group>"; };
		59834E8D289CE26200690D1B /* NewsTableHeaderView.swift */ = {isa = PBXFileReference; fileEncoding = 4; lastKnownFileType = sourcecode.swift; path = NewsTableHeaderView.swift; sourceTree = "<group>"; };
		59834E8E289CE26200690D1B /* StockChartView.swift */ = {isa = PBXFileReference; fileEncoding = 4; lastKnownFileType = sourcecode.swift; path = StockChartView.swift; sourceTree = "<group>"; };
		59834E8F289CE26200690D1B /* CustomMarkerView.swift */ = {isa = PBXFileReference; fileEncoding = 4; lastKnownFileType = sourcecode.swift; path = CustomMarkerView.swift; sourceTree = "<group>"; };
		59834E99289CE2AC00690D1B /* EndPoints.swift */ = {isa = PBXFileReference; fileEncoding = 4; lastKnownFileType = sourcecode.swift; path = EndPoints.swift; sourceTree = "<group>"; };
		59834E9A289CE2AC00690D1B /* APIError.swift */ = {isa = PBXFileReference; fileEncoding = 4; lastKnownFileType = sourcecode.swift; path = APIError.swift; sourceTree = "<group>"; };
		59834E9C289CE2AC00690D1B /* SymbolsRequest.swift */ = {isa = PBXFileReference; fileEncoding = 4; lastKnownFileType = sourcecode.swift; path = SymbolsRequest.swift; sourceTree = "<group>"; };
		59834E9D289CE2AC00690D1B /* MarketDataRequest.swift */ = {isa = PBXFileReference; fileEncoding = 4; lastKnownFileType = sourcecode.swift; path = MarketDataRequest.swift; sourceTree = "<group>"; };
		59834E9E289CE2AC00690D1B /* NewsRequest.swift */ = {isa = PBXFileReference; fileEncoding = 4; lastKnownFileType = sourcecode.swift; path = NewsRequest.swift; sourceTree = "<group>"; };
		59834E9F289CE2AC00690D1B /* CompanyProfileRequest.swift */ = {isa = PBXFileReference; fileEncoding = 4; lastKnownFileType = sourcecode.swift; path = CompanyProfileRequest.swift; sourceTree = "<group>"; };
		59834EA0289CE2AC00690D1B /* FinancialMetricsRequest.swift */ = {isa = PBXFileReference; fileEncoding = 4; lastKnownFileType = sourcecode.swift; path = FinancialMetricsRequest.swift; sourceTree = "<group>"; };
		59834EA1289CE2AC00690D1B /* Search.swift */ = {isa = PBXFileReference; fileEncoding = 4; lastKnownFileType = sourcecode.swift; path = Search.swift; sourceTree = "<group>"; };
		59834EA2289CE2AC00690D1B /* APIConstants.swift */ = {isa = PBXFileReference; fileEncoding = 4; lastKnownFileType = sourcecode.swift; path = APIConstants.swift; sourceTree = "<group>"; };
		59834EA3289CE2AC00690D1B /* APIManager.swift */ = {isa = PBXFileReference; fileEncoding = 4; lastKnownFileType = sourcecode.swift; path = APIManager.swift; sourceTree = "<group>"; };
		59834EA4289CE2AC00690D1B /* RequestProtocol.swift */ = {isa = PBXFileReference; fileEncoding = 4; lastKnownFileType = sourcecode.swift; path = RequestProtocol.swift; sourceTree = "<group>"; };
		59834EA5289CE2AC00690D1B /* DataParserProtocol.swift */ = {isa = PBXFileReference; fileEncoding = 4; lastKnownFileType = sourcecode.swift; path = DataParserProtocol.swift; sourceTree = "<group>"; };
		59834EA6289CE2AC00690D1B /* RequestType.swift */ = {isa = PBXFileReference; fileEncoding = 4; lastKnownFileType = sourcecode.swift; path = RequestType.swift; sourceTree = "<group>"; };
		59834EB5289CE2C600690D1B /* CustomAxis.swift */ = {isa = PBXFileReference; fileEncoding = 4; lastKnownFileType = sourcecode.swift; path = CustomAxis.swift; sourceTree = "<group>"; };
		59834EB6289CE2C600690D1B /* Extensions.swift */ = {isa = PBXFileReference; fileEncoding = 4; lastKnownFileType = sourcecode.swift; path = Extensions.swift; sourceTree = "<group>"; };
		59834EB7289CE2C600690D1B /* CalculateStockDynamic.swift */ = {isa = PBXFileReference; fileEncoding = 4; lastKnownFileType = sourcecode.swift; path = CalculateStockDynamic.swift; sourceTree = "<group>"; };
		598F5C36289BD73A00CFA870 /* Stock-App.xcdatamodel */ = {isa = PBXFileReference; lastKnownFileType = wrapper.xcdatamodel; path = "Stock-App.xcdatamodel"; sourceTree = "<group>"; };
		598F5C41289BE0F900CFA870 /* LastSearchInteractor.swift */ = {isa = PBXFileReference; lastKnownFileType = sourcecode.swift; path = LastSearchInteractor.swift; sourceTree = "<group>"; };
		598F5C43289BE90500CFA870 /* LastSearchPresenter.swift */ = {isa = PBXFileReference; lastKnownFileType = sourcecode.swift; path = LastSearchPresenter.swift; sourceTree = "<group>"; };
		598F5C45289BF0B400CFA870 /* LastSearchAssembler.swift */ = {isa = PBXFileReference; lastKnownFileType = sourcecode.swift; path = LastSearchAssembler.swift; sourceTree = "<group>"; };
		5996A5B32897BAEB004A15BB /* Stock-App.app */ = {isa = PBXFileReference; explicitFileType = wrapper.application; includeInIndex = 0; path = "Stock-App.app"; sourceTree = BUILT_PRODUCTS_DIR; };
		5996A5B62897BAEB004A15BB /* AppDelegate.swift */ = {isa = PBXFileReference; lastKnownFileType = sourcecode.swift; path = AppDelegate.swift; sourceTree = "<group>"; };
		5996A5B82897BAEB004A15BB /* SceneDelegate.swift */ = {isa = PBXFileReference; lastKnownFileType = sourcecode.swift; path = SceneDelegate.swift; sourceTree = "<group>"; };
		5996A5BA2897BAEB004A15BB /* ViewController.swift */ = {isa = PBXFileReference; lastKnownFileType = sourcecode.swift; path = ViewController.swift; sourceTree = "<group>"; };
		5996A5BF2897BAEC004A15BB /* Assets.xcassets */ = {isa = PBXFileReference; lastKnownFileType = folder.assetcatalog; path = Assets.xcassets; sourceTree = "<group>"; };
		5996A5C22897BAEC004A15BB /* Base */ = {isa = PBXFileReference; lastKnownFileType = file.storyboard; name = Base; path = Base.lproj/LaunchScreen.storyboard; sourceTree = "<group>"; };
		5996A5C42897BAEC004A15BB /* Info.plist */ = {isa = PBXFileReference; lastKnownFileType = text.plist.xml; path = Info.plist; sourceTree = "<group>"; };
		5996A6262897DBA7004A15BB /* SearchViewController.swift */ = {isa = PBXFileReference; fileEncoding = 4; lastKnownFileType = sourcecode.swift; path = SearchViewController.swift; sourceTree = "<group>"; };
		5996A6272897DBA7004A15BB /* StockInfoVC.swift */ = {isa = PBXFileReference; fileEncoding = 4; lastKnownFileType = sourcecode.swift; path = StockInfoVC.swift; sourceTree = "<group>"; };
		5996A6282897DBA7004A15BB /* FavoritesVC.swift */ = {isa = PBXFileReference; fileEncoding = 4; lastKnownFileType = sourcecode.swift; path = FavoritesVC.swift; sourceTree = "<group>"; };
		5996A6552897DE78004A15BB /* SearchInteractor.swift */ = {isa = PBXFileReference; lastKnownFileType = sourcecode.swift; path = SearchInteractor.swift; sourceTree = "<group>"; };
		5996A65A2897DFBB004A15BB /* LastSearchedViewController.swift */ = {isa = PBXFileReference; lastKnownFileType = sourcecode.swift; path = LastSearchedViewController.swift; sourceTree = "<group>"; };
		5996A65C2897DFE8004A15BB /* SearchedCVCell.swift */ = {isa = PBXFileReference; lastKnownFileType = sourcecode.swift; path = SearchedCVCell.swift; sourceTree = "<group>"; };
		5996A65F2897E01D004A15BB /* SearchPresenter.swift */ = {isa = PBXFileReference; lastKnownFileType = sourcecode.swift; path = SearchPresenter.swift; sourceTree = "<group>"; };
		5996A6622897E093004A15BB /* SearchModuleAssemble.swift */ = {isa = PBXFileReference; lastKnownFileType = sourcecode.swift; path = SearchModuleAssemble.swift; sourceTree = "<group>"; };
/* End PBXFileReference section */

/* Begin PBXFrameworksBuildPhase section */
		5996A5B02897BAEB004A15BB /* Frameworks */ = {
			isa = PBXFrameworksBuildPhase;
			buildActionMask = 2147483647;
			files = (
				5996A6522897DC81004A15BB /* SDWebImage in Frameworks */,
				59834E85289CE16E00690D1B /* SwiftTickerView in Frameworks */,
				5996A64C2897DC20004A15BB /* Charts in Frameworks */,
				5996A64F2897DC6C004A15BB /* FloatingPanel in Frameworks */,
			);
			runOnlyForDeploymentPostprocessing = 0;
		};
/* End PBXFrameworksBuildPhase section */

/* Begin PBXGroup section */
		5970B758289A493000AAC039 /* Model */ = {
			isa = PBXGroup;
			children = (
				5970B759289A493000AAC039 /* CompanyProfile.swift */,
				5970B75A289A493000AAC039 /* MarketDataResponse.swift */,
				5970B75B289A493000AAC039 /* FinancialMetrics.swift */,
				5970B75C289A493000AAC039 /* Stock.swift */,
				5970B75D289A493000AAC039 /* SearchResponse.swift */,
				5970B75E289A493000AAC039 /* News.swift */,
				5970B75F289A493000AAC039 /* StockSymbols.swift */,
			);
			path = Model;
			sourceTree = "<group>";
		};
		59741B38289BA71B003DFF8C /* Router */ = {
			isa = PBXGroup;
			children = (
				59741B39289BA84E003DFF8C /* SearchRouter.swift */,
			);
			path = Router;
			sourceTree = "<group>";
		};
		59834E19289CE06200690D1B /* StockDetailsModule */ = {
			isa = PBXGroup;
			children = (
				59834E1A289CE06200690D1B /* ChartViewModule */,
				59834E24289CE06200690D1B /* FinancialDataModule */,
				59834E30289CE06200690D1B /* TickerViewModule */,
				59834E36289CE06200690D1B /* Assembly */,
				59834E38289CE06200690D1B /* ShortInfoModule */,
				59834E43289CE06200690D1B /* View */,
			);
			path = StockDetailsModule;
			sourceTree = "<group>";
		};
		59834E1A289CE06200690D1B /* ChartViewModule */ = {
			isa = PBXGroup;
			children = (
				59834E1B289CE06200690D1B /* Assembly */,
				59834E1D289CE06200690D1B /* Presenter */,
				59834E1F289CE06200690D1B /* View */,
				59834E22289CE06200690D1B /* Interactor */,
			);
			path = ChartViewModule;
			sourceTree = "<group>";
		};
		59834E1B289CE06200690D1B /* Assembly */ = {
			isa = PBXGroup;
			children = (
				59834E1C289CE06200690D1B /* ChartViewAssembly.swift */,
			);
			path = Assembly;
			sourceTree = "<group>";
		};
		59834E1D289CE06200690D1B /* Presenter */ = {
			isa = PBXGroup;
			children = (
				59834E1E289CE06200690D1B /* ChartViewPresenter.swift */,
			);
			path = Presenter;
			sourceTree = "<group>";
		};
		59834E1F289CE06200690D1B /* View */ = {
			isa = PBXGroup;
			children = (
				59834E20289CE06200690D1B /* TimeIntervalCollectionViewDataManager.swift */,
				59834E21289CE06200690D1B /* ChartViewController.swift */,
			);
			path = View;
			sourceTree = "<group>";
		};
		59834E22289CE06200690D1B /* Interactor */ = {
			isa = PBXGroup;
			children = (
				59834E23289CE06200690D1B /* ChartViewInteractor.swift */,
			);
			path = Interactor;
			sourceTree = "<group>";
		};
		59834E24289CE06200690D1B /* FinancialDataModule */ = {
			isa = PBXGroup;
			children = (
				59834E25289CE06200690D1B /* Entity */,
				59834E27289CE06200690D1B /* Assembly */,
				59834E29289CE06200690D1B /* Presenter */,
				59834E2B289CE06200690D1B /* View */,
				59834E2E289CE06200690D1B /* Interactor */,
			);
			path = FinancialDataModule;
			sourceTree = "<group>";
		};
		59834E25289CE06200690D1B /* Entity */ = {
			isa = PBXGroup;
			children = (
				59834E26289CE06200690D1B /* MetricCollectionViewEntity.swift */,
			);
			path = Entity;
			sourceTree = "<group>";
		};
		59834E27289CE06200690D1B /* Assembly */ = {
			isa = PBXGroup;
			children = (
				59834E28289CE06200690D1B /* FinancialDataAssembly.swift */,
			);
			path = Assembly;
			sourceTree = "<group>";
		};
		59834E29289CE06200690D1B /* Presenter */ = {
			isa = PBXGroup;
			children = (
				59834E2A289CE06200690D1B /* FinancialDataPresenter.swift */,
			);
			path = Presenter;
			sourceTree = "<group>";
		};
		59834E2B289CE06200690D1B /* View */ = {
			isa = PBXGroup;
			children = (
				59834E2C289CE06200690D1B /* FinancialCollectionViewController.swift */,
				59834E2D289CE06200690D1B /* FinancialMetricDataManager.swift */,
			);
			path = View;
			sourceTree = "<group>";
		};
		59834E2E289CE06200690D1B /* Interactor */ = {
			isa = PBXGroup;
			children = (
				59834E2F289CE06200690D1B /* FinancialDataInteractor.swift */,
			);
			path = Interactor;
			sourceTree = "<group>";
		};
		59834E30289CE06200690D1B /* TickerViewModule */ = {
			isa = PBXGroup;
			children = (
				59834E31289CE06200690D1B /* Entity */,
				59834E33289CE06200690D1B /* View */,
			);
			path = TickerViewModule;
			sourceTree = "<group>";
		};
		59834E31289CE06200690D1B /* Entity */ = {
			isa = PBXGroup;
			children = (
				59834E32289CE06200690D1B /* TickerViewEntity.swift */,
			);
			path = Entity;
			sourceTree = "<group>";
		};
		59834E33289CE06200690D1B /* View */ = {
			isa = PBXGroup;
			children = (
				59834E34289CE06200690D1B /* TickerViewController.swift */,
				59834E35289CE06200690D1B /* TickerView.swift */,
			);
			path = View;
			sourceTree = "<group>";
		};
		59834E36289CE06200690D1B /* Assembly */ = {
			isa = PBXGroup;
			children = (
				59834E37289CE06200690D1B /* StockDetailsAssembly.swift */,
			);
			path = Assembly;
			sourceTree = "<group>";
		};
		59834E38289CE06200690D1B /* ShortInfoModule */ = {
			isa = PBXGroup;
			children = (
				59834E39289CE06200690D1B /* Entity */,
				59834E3B289CE06200690D1B /* Assembly */,
				59834E3D289CE06200690D1B /* Presenter */,
				59834E3F289CE06200690D1B /* View */,
				59834E41289CE06200690D1B /* Interactor */,
			);
			path = ShortInfoModule;
			sourceTree = "<group>";
		};
		59834E39289CE06200690D1B /* Entity */ = {
			isa = PBXGroup;
			children = (
				59834E3A289CE06200690D1B /* ShortInfoEntity.swift */,
			);
			path = Entity;
			sourceTree = "<group>";
		};
		59834E3B289CE06200690D1B /* Assembly */ = {
			isa = PBXGroup;
			children = (
				59834E3C289CE06200690D1B /* ShortInfoAssembly.swift */,
			);
			path = Assembly;
			sourceTree = "<group>";
		};
		59834E3D289CE06200690D1B /* Presenter */ = {
			isa = PBXGroup;
			children = (
				59834E3E289CE06200690D1B /* ShortViewPresenter.swift */,
			);
			path = Presenter;
			sourceTree = "<group>";
		};
		59834E3F289CE06200690D1B /* View */ = {
			isa = PBXGroup;
			children = (
				59834E40289CE06200690D1B /* ShortInfoViewController.swift */,
			);
			path = View;
			sourceTree = "<group>";
		};
		59834E41289CE06200690D1B /* Interactor */ = {
			isa = PBXGroup;
			children = (
				59834E42289CE06200690D1B /* ShortInfoInteractor.swift */,
			);
			path = Interactor;
			sourceTree = "<group>";
		};
		59834E43289CE06200690D1B /* View */ = {
			isa = PBXGroup;
			children = (
				59834E44289CE06200690D1B /* StockDetailsViewController.swift */,
			);
			path = View;
			sourceTree = "<group>";
		};
		59834E5A289CE06F00690D1B /* StockListModule */ = {
			isa = PBXGroup;
			children = (
				59834E5B289CE06F00690D1B /* NewsViewModule */,
				59834E67289CE06F00690D1B /* Entity */,
				59834E69289CE06F00690D1B /* Assembly */,
				59834E6B289CE06F00690D1B /* Presenter */,
				59834E6D289CE06F00690D1B /* StockListInteractor.swift */,
				59834E6E289CE06F00690D1B /* View */,
				59834E72289CE06F00690D1B /* Router */,
			);
			path = StockListModule;
			sourceTree = "<group>";
		};
		59834E5B289CE06F00690D1B /* NewsViewModule */ = {
			isa = PBXGroup;
			children = (
				59834E5C289CE06F00690D1B /* Assembly */,
				59834E5E289CE06F00690D1B /* Presenter */,
				59834E60289CE06F00690D1B /* View */,
				59834E63289CE06F00690D1B /* Interactor */,
				59834E65289CE06F00690D1B /* Router */,
			);
			path = NewsViewModule;
			sourceTree = "<group>";
		};
		59834E5C289CE06F00690D1B /* Assembly */ = {
			isa = PBXGroup;
			children = (
				59834E5D289CE06F00690D1B /* NewsViewAssembly.swift */,
			);
			path = Assembly;
			sourceTree = "<group>";
		};
		59834E5E289CE06F00690D1B /* Presenter */ = {
			isa = PBXGroup;
			children = (
				59834E5F289CE06F00690D1B /* NewsViewPresenter.swift */,
			);
			path = Presenter;
			sourceTree = "<group>";
		};
		59834E60289CE06F00690D1B /* View */ = {
			isa = PBXGroup;
			children = (
				59834E61289CE06F00690D1B /* NewsTableDataManager.swift */,
				59834E62289CE06F00690D1B /* NewsViewController.swift */,
			);
			path = View;
			sourceTree = "<group>";
		};
		59834E63289CE06F00690D1B /* Interactor */ = {
			isa = PBXGroup;
			children = (
				59834E64289CE06F00690D1B /* NewsViewInteractor.swift */,
			);
			path = Interactor;
			sourceTree = "<group>";
		};
		59834E65289CE06F00690D1B /* Router */ = {
			isa = PBXGroup;
			children = (
				59834E66289CE06F00690D1B /* NewsViewRouter.swift */,
			);
			path = Router;
			sourceTree = "<group>";
		};
		59834E67289CE06F00690D1B /* Entity */ = {
			isa = PBXGroup;
			children = (
				59834E68289CE06F00690D1B /* TableViewModel.swift */,
			);
			path = Entity;
			sourceTree = "<group>";
		};
		59834E69289CE06F00690D1B /* Assembly */ = {
			isa = PBXGroup;
			children = (
				59834E6A289CE06F00690D1B /* StockListModuleAssembly.swift */,
			);
			path = Assembly;
			sourceTree = "<group>";
		};
		59834E6B289CE06F00690D1B /* Presenter */ = {
			isa = PBXGroup;
			children = (
				59834E6C289CE06F00690D1B /* StockListPresenter.swift */,
			);
			path = Presenter;
			sourceTree = "<group>";
		};
		59834E6E289CE06F00690D1B /* View */ = {
			isa = PBXGroup;
			children = (
				59834E6F289CE06F00690D1B /* StocksTableVC.swift */,
				59834E70289CE06F00690D1B /* TableViewDataManager.swift */,
				59834E71289CE06F00690D1B /* StockViewController.swift */,
			);
			path = View;
			sourceTree = "<group>";
		};
		59834E72289CE06F00690D1B /* Router */ = {
			isa = PBXGroup;
			children = (
				59834E73289CE06F00690D1B /* StockListRouter.swift */,
			);
			path = Router;
			sourceTree = "<group>";
		};
		59834E86289CE26200690D1B /* View */ = {
			isa = PBXGroup;
			children = (
				59834E87289CE26200690D1B /* Cells */,
				59834E8D289CE26200690D1B /* NewsTableHeaderView.swift */,
				59834E8E289CE26200690D1B /* StockChartView.swift */,
				59834E8F289CE26200690D1B /* CustomMarkerView.swift */,
			);
			path = View;
			sourceTree = "<group>";
		};
		59834E87289CE26200690D1B /* Cells */ = {
			isa = PBXGroup;
			children = (
				59834E88289CE26200690D1B /* IntervalCVCell.swift */,
				59834E89289CE26200690D1B /* MetricCollectionViewCell.swift */,
				59834E8A289CE26200690D1B /* StockTableViewCell.swift */,
				59834E8B289CE26200690D1B /* TimePeriodCollectionViewCell.swift */,
				59834E8C289CE26200690D1B /* NewsTableViewCell.swift */,
			);
			path = Cells;
			sourceTree = "<group>";
		};
		59834E98289CE2AC00690D1B /* Network */ = {
			isa = PBXGroup;
			children = (
				59834E99289CE2AC00690D1B /* EndPoints.swift */,
				59834E9A289CE2AC00690D1B /* APIError.swift */,
				59834E9B289CE2AC00690D1B /* End Points implementation */,
				59834EA2289CE2AC00690D1B /* APIConstants.swift */,
				59834EA3289CE2AC00690D1B /* APIManager.swift */,
				59834EA4289CE2AC00690D1B /* RequestProtocol.swift */,
				59834EA5289CE2AC00690D1B /* DataParserProtocol.swift */,
				59834EA6289CE2AC00690D1B /* RequestType.swift */,
			);
			path = Network;
			sourceTree = "<group>";
		};
		59834E9B289CE2AC00690D1B /* End Points implementation */ = {
			isa = PBXGroup;
			children = (
				59834E9C289CE2AC00690D1B /* SymbolsRequest.swift */,
				59834E9D289CE2AC00690D1B /* MarketDataRequest.swift */,
				59834E9E289CE2AC00690D1B /* NewsRequest.swift */,
				59834E9F289CE2AC00690D1B /* CompanyProfileRequest.swift */,
				59834EA0289CE2AC00690D1B /* FinancialMetricsRequest.swift */,
				59834EA1289CE2AC00690D1B /* Search.swift */,
			);
			path = "End Points implementation";
			sourceTree = "<group>";
		};
		59834EB4289CE2C600690D1B /* Helpers */ = {
			isa = PBXGroup;
			children = (
				59834EB5289CE2C600690D1B /* CustomAxis.swift */,
				59834EB6289CE2C600690D1B /* Extensions.swift */,
				59834EB7289CE2C600690D1B /* CalculateStockDynamic.swift */,
			);
			path = Helpers;
			sourceTree = "<group>";
		};
		598F5C38289BDEF100CFA870 /* LastSearchedStocks */ = {
			isa = PBXGroup;
			children = (
				598F5C39289BDF0C00CFA870 /* Assembler */,
				598F5C3D289BDF3200CFA870 /* Router */,
				598F5C3A289BDF1600CFA870 /* Interactor */,
				598F5C3B289BDF2000CFA870 /* Presenter */,
				59DC5C772899161100E29DE6 /* View */,
			);
			path = LastSearchedStocks;
			sourceTree = "<group>";
		};
		598F5C39289BDF0C00CFA870 /* Assembler */ = {
			isa = PBXGroup;
			children = (
				598F5C45289BF0B400CFA870 /* LastSearchAssembler.swift */,
			);
			path = Assembler;
			sourceTree = "<group>";
		};
		598F5C3A289BDF1600CFA870 /* Interactor */ = {
			isa = PBXGroup;
			children = (
				598F5C41289BE0F900CFA870 /* LastSearchInteractor.swift */,
			);
			path = Interactor;
			sourceTree = "<group>";
		};
		598F5C3B289BDF2000CFA870 /* Presenter */ = {
			isa = PBXGroup;
			children = (
				598F5C43289BE90500CFA870 /* LastSearchPresenter.swift */,
			);
			path = Presenter;
			sourceTree = "<group>";
		};
		598F5C3D289BDF3200CFA870 /* Router */ = {
			isa = PBXGroup;
			children = (
			);
			path = Router;
			sourceTree = "<group>";
		};
		5996A5AA2897BAEB004A15BB = {
			isa = PBXGroup;
			children = (
				5996A5B52897BAEB004A15BB /* Stock-App */,
				5996A5B42897BAEB004A15BB /* Products */,
			);
			sourceTree = "<group>";
		};
		5996A5B42897BAEB004A15BB /* Products */ = {
			isa = PBXGroup;
			children = (
				5996A5B32897BAEB004A15BB /* Stock-App.app */,
			);
			name = Products;
			sourceTree = "<group>";
		};
		5996A5B52897BAEB004A15BB /* Stock-App */ = {
			isa = PBXGroup;
			children = (
				59834EB4289CE2C600690D1B /* Helpers */,
				59834E98289CE2AC00690D1B /* Network */,
				5970B758289A493000AAC039 /* Model */,
				59834E86289CE26200690D1B /* View */,
				5996A6042897DBA7004A15BB /* Controllers */,
				5996A5BA2897BAEB004A15BB /* ViewController.swift */,
				5996A5CA2897BB0D004A15BB /* Support */,
				598F5C35289BD73A00CFA870 /* Stock-App.xcdatamodeld */,
			);
			path = "Stock-App";
			sourceTree = "<group>";
		};
		5996A5CA2897BB0D004A15BB /* Support */ = {
			isa = PBXGroup;
			children = (
				5996A5B62897BAEB004A15BB /* AppDelegate.swift */,
				5996A5B82897BAEB004A15BB /* SceneDelegate.swift */,
				5996A5BF2897BAEC004A15BB /* Assets.xcassets */,
				5996A5C12897BAEC004A15BB /* LaunchScreen.storyboard */,
				5996A5C42897BAEC004A15BB /* Info.plist */,
			);
			path = Support;
			sourceTree = "<group>";
		};
		5996A6042897DBA7004A15BB /* Controllers */ = {
			isa = PBXGroup;
			children = (
				59834E5A289CE06F00690D1B /* StockListModule */,
				59834E19289CE06200690D1B /* StockDetailsModule */,
				5996A6532897DD6E004A15BB /* StockSearchModule */,
				5996A6272897DBA7004A15BB /* StockInfoVC.swift */,
				5996A6282897DBA7004A15BB /* FavoritesVC.swift */,
			);
			path = Controllers;
			sourceTree = "<group>";
		};
		5996A6532897DD6E004A15BB /* StockSearchModule */ = {
			isa = PBXGroup;
			children = (
				598F5C38289BDEF100CFA870 /* LastSearchedStocks */,
				5996A6612897E07C004A15BB /* Assemble */,
				5996A6572897DF75004A15BB /* View */,
				5996A6542897DE64004A15BB /* Interactor */,
				5996A65E2897E00D004A15BB /* Presenter */,
				59741B38289BA71B003DFF8C /* Router */,
			);
			path = StockSearchModule;
			sourceTree = "<group>";
		};
		5996A6542897DE64004A15BB /* Interactor */ = {
			isa = PBXGroup;
			children = (
				5996A6552897DE78004A15BB /* SearchInteractor.swift */,
			);
			path = Interactor;
			sourceTree = "<group>";
		};
		5996A6572897DF75004A15BB /* View */ = {
			isa = PBXGroup;
			children = (
				5996A6262897DBA7004A15BB /* SearchViewController.swift */,
				59741B36289B956B003DFF8C /* SearchManager.swift */,
			);
			path = View;
			sourceTree = "<group>";
		};
		5996A65E2897E00D004A15BB /* Presenter */ = {
			isa = PBXGroup;
			children = (
				5996A65F2897E01D004A15BB /* SearchPresenter.swift */,
			);
			path = Presenter;
			sourceTree = "<group>";
		};
		5996A6612897E07C004A15BB /* Assemble */ = {
			isa = PBXGroup;
			children = (
				5996A6622897E093004A15BB /* SearchModuleAssemble.swift */,
			);
			path = Assemble;
			sourceTree = "<group>";
		};
		59DC5C772899161100E29DE6 /* View */ = {
			isa = PBXGroup;
			children = (
				5996A65A2897DFBB004A15BB /* LastSearchedViewController.swift */,
				5996A65C2897DFE8004A15BB /* SearchedCVCell.swift */,
			);
			path = View;
			sourceTree = "<group>";
		};
/* End PBXGroup section */

/* Begin PBXNativeTarget section */
		5996A5B22897BAEB004A15BB /* Stock-App */ = {
			isa = PBXNativeTarget;
			buildConfigurationList = 5996A5C72897BAEC004A15BB /* Build configuration list for PBXNativeTarget "Stock-App" */;
			buildPhases = (
				5996A5AF2897BAEB004A15BB /* Sources */,
				5996A5B02897BAEB004A15BB /* Frameworks */,
				5996A5B12897BAEB004A15BB /* Resources */,
			);
			buildRules = (
			);
			dependencies = (
			);
			name = "Stock-App";
			packageProductDependencies = (
				5996A64B2897DC20004A15BB /* Charts */,
				5996A64E2897DC6C004A15BB /* FloatingPanel */,
				5996A6512897DC81004A15BB /* SDWebImage */,
				59834E84289CE16E00690D1B /* SwiftTickerView */,
			);
			productName = "Stock-App";
			productReference = 5996A5B32897BAEB004A15BB /* Stock-App.app */;
			productType = "com.apple.product-type.application";
		};
/* End PBXNativeTarget section */

/* Begin PBXProject section */
		5996A5AB2897BAEB004A15BB /* Project object */ = {
			isa = PBXProject;
			attributes = {
				BuildIndependentTargetsInParallel = 1;
				LastSwiftUpdateCheck = 1330;
				LastUpgradeCheck = 1330;
				TargetAttributes = {
					5996A5B22897BAEB004A15BB = {
						CreatedOnToolsVersion = 13.3.1;
					};
				};
			};
			buildConfigurationList = 5996A5AE2897BAEB004A15BB /* Build configuration list for PBXProject "Stock-App" */;
			compatibilityVersion = "Xcode 13.0";
			developmentRegion = en;
			hasScannedForEncodings = 0;
			knownRegions = (
				en,
				Base,
			);
			mainGroup = 5996A5AA2897BAEB004A15BB;
			packageReferences = (
				5996A64A2897DC20004A15BB /* XCRemoteSwiftPackageReference "Charts" */,
				5996A64D2897DC6C004A15BB /* XCRemoteSwiftPackageReference "FloatingPanel" */,
				5996A6502897DC81004A15BB /* XCRemoteSwiftPackageReference "SDWebImage" */,
				59834E83289CE16E00690D1B /* XCRemoteSwiftPackageReference "SwiftTickerView" */,
			);
			productRefGroup = 5996A5B42897BAEB004A15BB /* Products */;
			projectDirPath = "";
			projectRoot = "";
			targets = (
				5996A5B22897BAEB004A15BB /* Stock-App */,
			);
		};
/* End PBXProject section */

/* Begin PBXResourcesBuildPhase section */
		5996A5B12897BAEB004A15BB /* Resources */ = {
			isa = PBXResourcesBuildPhase;
			buildActionMask = 2147483647;
			files = (
				5996A5C32897BAEC004A15BB /* LaunchScreen.storyboard in Resources */,
				5996A5C02897BAEC004A15BB /* Assets.xcassets in Resources */,
			);
			runOnlyForDeploymentPostprocessing = 0;
		};
/* End PBXResourcesBuildPhase section */

/* Begin PBXSourcesBuildPhase section */
		5996A5AF2897BAEB004A15BB /* Sources */ = {
			isa = PBXSourcesBuildPhase;
			buildActionMask = 2147483647;
			files = (
				59834E92289CE26200690D1B /* StockTableViewCell.swift in Sources */,
				5996A5BB2897BAEB004A15BB /* ViewController.swift in Sources */,
				59834EAF289CE2AC00690D1B /* APIConstants.swift in Sources */,
				59834E58289CE06200690D1B /* ShortInfoInteractor.swift in Sources */,
				59834EB2289CE2AC00690D1B /* DataParserProtocol.swift in Sources */,
				5996A63B2897DBA7004A15BB /* SearchViewController.swift in Sources */,
				59834E4B289CE06200690D1B /* FinancialDataAssembly.swift in Sources */,
				5996A6602897E01D004A15BB /* SearchPresenter.swift in Sources */,
				59834E59289CE06200690D1B /* StockDetailsViewController.swift in Sources */,
				59834E47289CE06200690D1B /* TimeIntervalCollectionViewDataManager.swift in Sources */,
				59834EB3289CE2AC00690D1B /* RequestType.swift in Sources */,
				59834EA9289CE2AC00690D1B /* SymbolsRequest.swift in Sources */,
				598F5C37289BD73A00CFA870 /* Stock-App.xcdatamodeld in Sources */,
				5996A63C2897DBA7004A15BB /* StockInfoVC.swift in Sources */,
				59834E7A289CE06F00690D1B /* TableViewModel.swift in Sources */,
				59834E76289CE06F00690D1B /* NewsTableDataManager.swift in Sources */,
				59834EBA289CE2C600690D1B /* CalculateStockDynamic.swift in Sources */,
				598F5C44289BE90500CFA870 /* LastSearchPresenter.swift in Sources */,
				5970B766289A493000AAC039 /* StockSymbols.swift in Sources */,
				59834E94289CE26200690D1B /* NewsTableViewCell.swift in Sources */,
				59834E81289CE06F00690D1B /* StockListRouter.swift in Sources */,
				5970B762289A493000AAC039 /* FinancialMetrics.swift in Sources */,
				5996A63D2897DBA7004A15BB /* FavoritesVC.swift in Sources */,
				59834E51289CE06200690D1B /* TickerViewController.swift in Sources */,
				59834E7E289CE06F00690D1B /* StocksTableVC.swift in Sources */,
				59834E97289CE26200690D1B /* CustomMarkerView.swift in Sources */,
				59834E4D289CE06200690D1B /* FinancialCollectionViewController.swift in Sources */,
				59834E4C289CE06200690D1B /* FinancialDataPresenter.swift in Sources */,
				59834E93289CE26200690D1B /* TimePeriodCollectionViewCell.swift in Sources */,
				59834EB8289CE2C600690D1B /* CustomAxis.swift in Sources */,
				59741B3A289BA84E003DFF8C /* SearchRouter.swift in Sources */,
				59834E4E289CE06200690D1B /* FinancialMetricDataManager.swift in Sources */,
				5970B763289A493000AAC039 /* Stock.swift in Sources */,
				59834EB0289CE2AC00690D1B /* APIManager.swift in Sources */,
				59834E79289CE06F00690D1B /* NewsViewRouter.swift in Sources */,
				59834EA8289CE2AC00690D1B /* APIError.swift in Sources */,
				5970B764289A493000AAC039 /* SearchResponse.swift in Sources */,
				5996A5B72897BAEB004A15BB /* AppDelegate.swift in Sources */,
				59834EAA289CE2AC00690D1B /* MarketDataRequest.swift in Sources */,
				59834E77289CE06F00690D1B /* NewsViewController.swift in Sources */,
				5970B760289A493000AAC039 /* CompanyProfile.swift in Sources */,
				59834E49289CE06200690D1B /* ChartViewInteractor.swift in Sources */,
				59834E96289CE26200690D1B /* StockChartView.swift in Sources */,
				5996A65B2897DFBB004A15BB /* LastSearchedViewController.swift in Sources */,
				59834EAC289CE2AC00690D1B /* CompanyProfileRequest.swift in Sources */,
				59834E45289CE06200690D1B /* ChartViewAssembly.swift in Sources */,
				59834E75289CE06F00690D1B /* NewsViewPresenter.swift in Sources */,
				59834E80289CE06F00690D1B /* StockViewController.swift in Sources */,
				59741B37289B956B003DFF8C /* SearchManager.swift in Sources */,
				5996A5B92897BAEB004A15BB /* SceneDelegate.swift in Sources */,
				5970B761289A493000AAC039 /* MarketDataResponse.swift in Sources */,
				59834E56289CE06200690D1B /* ShortViewPresenter.swift in Sources */,
				59834E91289CE26200690D1B /* MetricCollectionViewCell.swift in Sources */,
				59834E52289CE06200690D1B /* TickerView.swift in Sources */,
				59834E50289CE06200690D1B /* TickerViewEntity.swift in Sources */,
				5996A6632897E093004A15BB /* SearchModuleAssemble.swift in Sources */,
				59834E55289CE06200690D1B /* ShortInfoAssembly.swift in Sources */,
				598F5C46289BF0B400CFA870 /* LastSearchAssembler.swift in Sources */,
				59834E48289CE06200690D1B /* ChartViewController.swift in Sources */,
				59834E57289CE06200690D1B /* ShortInfoViewController.swift in Sources */,
				59834EAE289CE2AC00690D1B /* Search.swift in Sources */,
				59834E90289CE26200690D1B /* IntervalCVCell.swift in Sources */,
				59834EB1289CE2AC00690D1B /* RequestProtocol.swift in Sources */,
				59834E7C289CE06F00690D1B /* StockListPresenter.swift in Sources */,
				59834E95289CE26200690D1B /* NewsTableHeaderView.swift in Sources */,
				598F5C42289BE0F900CFA870 /* LastSearchInteractor.swift in Sources */,
				59834EB9289CE2C600690D1B /* Extensions.swift in Sources */,
				59834E4F289CE06200690D1B /* FinancialDataInteractor.swift in Sources */,
				59834E7B289CE06F00690D1B /* StockListModuleAssembly.swift in Sources */,
				59834E7D289CE06F00690D1B /* StockListInteractor.swift in Sources */,
				59834EAB289CE2AC00690D1B /* NewsRequest.swift in Sources */,
				59834E53289CE06200690D1B /* StockDetailsAssembly.swift in Sources */,
				5996A65D2897DFE8004A15BB /* SearchedCVCell.swift in Sources */,
				5996A6562897DE78004A15BB /* SearchInteractor.swift in Sources */,
				59834E54289CE06200690D1B /* ShortInfoEntity.swift in Sources */,
				59834E74289CE06F00690D1B /* NewsViewAssembly.swift in Sources */,
				5970B765289A493000AAC039 /* News.swift in Sources */,
				59834E46289CE06200690D1B /* ChartViewPresenter.swift in Sources */,
				59834EA7289CE2AC00690D1B /* EndPoints.swift in Sources */,
				59834E78289CE06F00690D1B /* NewsViewInteractor.swift in Sources */,
				59834EAD289CE2AC00690D1B /* FinancialMetricsRequest.swift in Sources */,
				59834E4A289CE06200690D1B /* MetricCollectionViewEntity.swift in Sources */,
				59834E7F289CE06F00690D1B /* TableViewDataManager.swift in Sources */,
			);
			runOnlyForDeploymentPostprocessing = 0;
		};
/* End PBXSourcesBuildPhase section */

/* Begin PBXVariantGroup section */
		5996A5C12897BAEC004A15BB /* LaunchScreen.storyboard */ = {
			isa = PBXVariantGroup;
			children = (
				5996A5C22897BAEC004A15BB /* Base */,
			);
			name = LaunchScreen.storyboard;
			sourceTree = "<group>";
		};
/* End PBXVariantGroup section */

/* Begin XCBuildConfiguration section */
		5996A5C52897BAEC004A15BB /* Debug */ = {
			isa = XCBuildConfiguration;
			buildSettings = {
				ALWAYS_SEARCH_USER_PATHS = NO;
				CLANG_ANALYZER_NONNULL = YES;
				CLANG_ANALYZER_NUMBER_OBJECT_CONVERSION = YES_AGGRESSIVE;
				CLANG_CXX_LANGUAGE_STANDARD = "gnu++17";
				CLANG_ENABLE_MODULES = YES;
				CLANG_ENABLE_OBJC_ARC = YES;
				CLANG_ENABLE_OBJC_WEAK = YES;
				CLANG_WARN_BLOCK_CAPTURE_AUTORELEASING = YES;
				CLANG_WARN_BOOL_CONVERSION = YES;
				CLANG_WARN_COMMA = YES;
				CLANG_WARN_CONSTANT_CONVERSION = YES;
				CLANG_WARN_DEPRECATED_OBJC_IMPLEMENTATIONS = YES;
				CLANG_WARN_DIRECT_OBJC_ISA_USAGE = YES_ERROR;
				CLANG_WARN_DOCUMENTATION_COMMENTS = YES;
				CLANG_WARN_EMPTY_BODY = YES;
				CLANG_WARN_ENUM_CONVERSION = YES;
				CLANG_WARN_INFINITE_RECURSION = YES;
				CLANG_WARN_INT_CONVERSION = YES;
				CLANG_WARN_NON_LITERAL_NULL_CONVERSION = YES;
				CLANG_WARN_OBJC_IMPLICIT_RETAIN_SELF = YES;
				CLANG_WARN_OBJC_LITERAL_CONVERSION = YES;
				CLANG_WARN_OBJC_ROOT_CLASS = YES_ERROR;
				CLANG_WARN_QUOTED_INCLUDE_IN_FRAMEWORK_HEADER = YES;
				CLANG_WARN_RANGE_LOOP_ANALYSIS = YES;
				CLANG_WARN_STRICT_PROTOTYPES = YES;
				CLANG_WARN_SUSPICIOUS_MOVE = YES;
				CLANG_WARN_UNGUARDED_AVAILABILITY = YES_AGGRESSIVE;
				CLANG_WARN_UNREACHABLE_CODE = YES;
				CLANG_WARN__DUPLICATE_METHOD_MATCH = YES;
				COPY_PHASE_STRIP = NO;
				DEBUG_INFORMATION_FORMAT = dwarf;
				ENABLE_STRICT_OBJC_MSGSEND = YES;
				ENABLE_TESTABILITY = YES;
				GCC_C_LANGUAGE_STANDARD = gnu11;
				GCC_DYNAMIC_NO_PIC = NO;
				GCC_NO_COMMON_BLOCKS = YES;
				GCC_OPTIMIZATION_LEVEL = 0;
				GCC_PREPROCESSOR_DEFINITIONS = (
					"DEBUG=1",
					"$(inherited)",
				);
				GCC_WARN_64_TO_32_BIT_CONVERSION = YES;
				GCC_WARN_ABOUT_RETURN_TYPE = YES_ERROR;
				GCC_WARN_UNDECLARED_SELECTOR = YES;
				GCC_WARN_UNINITIALIZED_AUTOS = YES_AGGRESSIVE;
				GCC_WARN_UNUSED_FUNCTION = YES;
				GCC_WARN_UNUSED_VARIABLE = YES;
				IPHONEOS_DEPLOYMENT_TARGET = 15.4;
				MTL_ENABLE_DEBUG_INFO = INCLUDE_SOURCE;
				MTL_FAST_MATH = YES;
				ONLY_ACTIVE_ARCH = YES;
				SDKROOT = iphoneos;
				SWIFT_ACTIVE_COMPILATION_CONDITIONS = DEBUG;
				SWIFT_OPTIMIZATION_LEVEL = "-Onone";
			};
			name = Debug;
		};
		5996A5C62897BAEC004A15BB /* Release */ = {
			isa = XCBuildConfiguration;
			buildSettings = {
				ALWAYS_SEARCH_USER_PATHS = NO;
				CLANG_ANALYZER_NONNULL = YES;
				CLANG_ANALYZER_NUMBER_OBJECT_CONVERSION = YES_AGGRESSIVE;
				CLANG_CXX_LANGUAGE_STANDARD = "gnu++17";
				CLANG_ENABLE_MODULES = YES;
				CLANG_ENABLE_OBJC_ARC = YES;
				CLANG_ENABLE_OBJC_WEAK = YES;
				CLANG_WARN_BLOCK_CAPTURE_AUTORELEASING = YES;
				CLANG_WARN_BOOL_CONVERSION = YES;
				CLANG_WARN_COMMA = YES;
				CLANG_WARN_CONSTANT_CONVERSION = YES;
				CLANG_WARN_DEPRECATED_OBJC_IMPLEMENTATIONS = YES;
				CLANG_WARN_DIRECT_OBJC_ISA_USAGE = YES_ERROR;
				CLANG_WARN_DOCUMENTATION_COMMENTS = YES;
				CLANG_WARN_EMPTY_BODY = YES;
				CLANG_WARN_ENUM_CONVERSION = YES;
				CLANG_WARN_INFINITE_RECURSION = YES;
				CLANG_WARN_INT_CONVERSION = YES;
				CLANG_WARN_NON_LITERAL_NULL_CONVERSION = YES;
				CLANG_WARN_OBJC_IMPLICIT_RETAIN_SELF = YES;
				CLANG_WARN_OBJC_LITERAL_CONVERSION = YES;
				CLANG_WARN_OBJC_ROOT_CLASS = YES_ERROR;
				CLANG_WARN_QUOTED_INCLUDE_IN_FRAMEWORK_HEADER = YES;
				CLANG_WARN_RANGE_LOOP_ANALYSIS = YES;
				CLANG_WARN_STRICT_PROTOTYPES = YES;
				CLANG_WARN_SUSPICIOUS_MOVE = YES;
				CLANG_WARN_UNGUARDED_AVAILABILITY = YES_AGGRESSIVE;
				CLANG_WARN_UNREACHABLE_CODE = YES;
				CLANG_WARN__DUPLICATE_METHOD_MATCH = YES;
				COPY_PHASE_STRIP = NO;
				DEBUG_INFORMATION_FORMAT = "dwarf-with-dsym";
				ENABLE_NS_ASSERTIONS = NO;
				ENABLE_STRICT_OBJC_MSGSEND = YES;
				GCC_C_LANGUAGE_STANDARD = gnu11;
				GCC_NO_COMMON_BLOCKS = YES;
				GCC_WARN_64_TO_32_BIT_CONVERSION = YES;
				GCC_WARN_ABOUT_RETURN_TYPE = YES_ERROR;
				GCC_WARN_UNDECLARED_SELECTOR = YES;
				GCC_WARN_UNINITIALIZED_AUTOS = YES_AGGRESSIVE;
				GCC_WARN_UNUSED_FUNCTION = YES;
				GCC_WARN_UNUSED_VARIABLE = YES;
				IPHONEOS_DEPLOYMENT_TARGET = 15.4;
				MTL_ENABLE_DEBUG_INFO = NO;
				MTL_FAST_MATH = YES;
				SDKROOT = iphoneos;
				SWIFT_COMPILATION_MODE = wholemodule;
				SWIFT_OPTIMIZATION_LEVEL = "-O";
				VALIDATE_PRODUCT = YES;
			};
			name = Release;
		};
		5996A5C82897BAEC004A15BB /* Debug */ = {
			isa = XCBuildConfiguration;
			buildSettings = {
				ASSETCATALOG_COMPILER_APPICON_NAME = AppIcon;
				ASSETCATALOG_COMPILER_GLOBAL_ACCENT_COLOR_NAME = AccentColor;
				CODE_SIGN_STYLE = Automatic;
				CURRENT_PROJECT_VERSION = 1;
				DEVELOPMENT_TEAM = 43H9FSJ7L6;
				GENERATE_INFOPLIST_FILE = YES;
				INFOPLIST_FILE = "Stock-App/Support/Info.plist";
				INFOPLIST_KEY_UIApplicationSupportsIndirectInputEvents = YES;
				INFOPLIST_KEY_UILaunchStoryboardName = LaunchScreen;
				INFOPLIST_KEY_UISupportedInterfaceOrientations_iPad = "UIInterfaceOrientationPortrait UIInterfaceOrientationPortraitUpsideDown UIInterfaceOrientationLandscapeLeft UIInterfaceOrientationLandscapeRight";
				INFOPLIST_KEY_UISupportedInterfaceOrientations_iPhone = "UIInterfaceOrientationPortrait UIInterfaceOrientationLandscapeLeft UIInterfaceOrientationLandscapeRight";
				LD_RUNPATH_SEARCH_PATHS = (
					"$(inherited)",
					"@executable_path/Frameworks",
				);
				MARKETING_VERSION = 1.0;
				PRODUCT_BUNDLE_IDENTIFIER = "aidyn.Stock-App";
				PRODUCT_NAME = "$(TARGET_NAME)";
				SWIFT_EMIT_LOC_STRINGS = YES;
				SWIFT_VERSION = 5.0;
				TARGETED_DEVICE_FAMILY = "1,2";
			};
			name = Debug;
		};
		5996A5C92897BAEC004A15BB /* Release */ = {
			isa = XCBuildConfiguration;
			buildSettings = {
				ASSETCATALOG_COMPILER_APPICON_NAME = AppIcon;
				ASSETCATALOG_COMPILER_GLOBAL_ACCENT_COLOR_NAME = AccentColor;
				CODE_SIGN_STYLE = Automatic;
				CURRENT_PROJECT_VERSION = 1;
				DEVELOPMENT_TEAM = 43H9FSJ7L6;
				GENERATE_INFOPLIST_FILE = YES;
				INFOPLIST_FILE = "Stock-App/Support/Info.plist";
				INFOPLIST_KEY_UIApplicationSupportsIndirectInputEvents = YES;
				INFOPLIST_KEY_UILaunchStoryboardName = LaunchScreen;
				INFOPLIST_KEY_UISupportedInterfaceOrientations_iPad = "UIInterfaceOrientationPortrait UIInterfaceOrientationPortraitUpsideDown UIInterfaceOrientationLandscapeLeft UIInterfaceOrientationLandscapeRight";
				INFOPLIST_KEY_UISupportedInterfaceOrientations_iPhone = "UIInterfaceOrientationPortrait UIInterfaceOrientationLandscapeLeft UIInterfaceOrientationLandscapeRight";
				LD_RUNPATH_SEARCH_PATHS = (
					"$(inherited)",
					"@executable_path/Frameworks",
				);
				MARKETING_VERSION = 1.0;
				PRODUCT_BUNDLE_IDENTIFIER = "aidyn.Stock-App";
				PRODUCT_NAME = "$(TARGET_NAME)";
				SWIFT_EMIT_LOC_STRINGS = YES;
				SWIFT_VERSION = 5.0;
				TARGETED_DEVICE_FAMILY = "1,2";
			};
			name = Release;
		};
/* End XCBuildConfiguration section */

/* Begin XCConfigurationList section */
		5996A5AE2897BAEB004A15BB /* Build configuration list for PBXProject "Stock-App" */ = {
			isa = XCConfigurationList;
			buildConfigurations = (
				5996A5C52897BAEC004A15BB /* Debug */,
				5996A5C62897BAEC004A15BB /* Release */,
			);
			defaultConfigurationIsVisible = 0;
			defaultConfigurationName = Release;
		};
		5996A5C72897BAEC004A15BB /* Build configuration list for PBXNativeTarget "Stock-App" */ = {
			isa = XCConfigurationList;
			buildConfigurations = (
				5996A5C82897BAEC004A15BB /* Debug */,
				5996A5C92897BAEC004A15BB /* Release */,
			);
			defaultConfigurationIsVisible = 0;
			defaultConfigurationName = Release;
		};
/* End XCConfigurationList section */

/* Begin XCRemoteSwiftPackageReference section */
		59834E83289CE16E00690D1B /* XCRemoteSwiftPackageReference "SwiftTickerView" */ = {
			isa = XCRemoteSwiftPackageReference;
			repositoryURL = "https://github.com/EMart86/SwiftTickerView.git";
			requirement = {
				branch = master;
				kind = branch;
			};
		};
		5996A64A2897DC20004A15BB /* XCRemoteSwiftPackageReference "Charts" */ = {
			isa = XCRemoteSwiftPackageReference;
			repositoryURL = "https://github.com/danielgindi/Charts";
			requirement = {
				branch = master;
				kind = branch;
			};
		};
		5996A64D2897DC6C004A15BB /* XCRemoteSwiftPackageReference "FloatingPanel" */ = {
			isa = XCRemoteSwiftPackageReference;
			repositoryURL = "https://github.com/scenee/FloatingPanel";
			requirement = {
				kind = upToNextMajorVersion;
				minimumVersion = 2.0.0;
			};
		};
		5996A6502897DC81004A15BB /* XCRemoteSwiftPackageReference "SDWebImage" */ = {
			isa = XCRemoteSwiftPackageReference;
			repositoryURL = "https://github.com/SDWebImage/SDWebImage";
			requirement = {
				kind = upToNextMajorVersion;
				minimumVersion = 5.0.0;
			};
		};
/* End XCRemoteSwiftPackageReference section */

/* Begin XCSwiftPackageProductDependency section */
		59834E84289CE16E00690D1B /* SwiftTickerView */ = {
			isa = XCSwiftPackageProductDependency;
			package = 59834E83289CE16E00690D1B /* XCRemoteSwiftPackageReference "SwiftTickerView" */;
			productName = SwiftTickerView;
		};
		5996A64B2897DC20004A15BB /* Charts */ = {
			isa = XCSwiftPackageProductDependency;
			package = 5996A64A2897DC20004A15BB /* XCRemoteSwiftPackageReference "Charts" */;
			productName = Charts;
		};
		5996A64E2897DC6C004A15BB /* FloatingPanel */ = {
			isa = XCSwiftPackageProductDependency;
			package = 5996A64D2897DC6C004A15BB /* XCRemoteSwiftPackageReference "FloatingPanel" */;
			productName = FloatingPanel;
		};
		5996A6512897DC81004A15BB /* SDWebImage */ = {
			isa = XCSwiftPackageProductDependency;
			package = 5996A6502897DC81004A15BB /* XCRemoteSwiftPackageReference "SDWebImage" */;
			productName = SDWebImage;
		};
/* End XCSwiftPackageProductDependency section */

/* Begin XCVersionGroup section */
		598F5C35289BD73A00CFA870 /* Stock-App.xcdatamodeld */ = {
			isa = XCVersionGroup;
			children = (
				598F5C36289BD73A00CFA870 /* Stock-App.xcdatamodel */,
			);
			currentVersion = 598F5C36289BD73A00CFA870 /* Stock-App.xcdatamodel */;
			path = "Stock-App.xcdatamodeld";
			sourceTree = "<group>";
			versionGroupType = wrapper.xcdatamodel;
		};
/* End XCVersionGroup section */
	};
	rootObject = 5996A5AB2897BAEB004A15BB /* Project object */;
}
